
Microsoft Visual Studio Solution File, Format Version 12.00
# Visual Studio Version 17
VisualStudioVersion = 17.0.32112.339
MinimumVisualStudioVersion = 10.0.40219.1
Project("{FAE04EC0-301F-11D3-BF4B-00C04F79EFBC}") = "FindInFile", "FindInFile\FindInFile.csproj", "{FFC1233A-257D-4690-8FF2-57C6AA15243F}"
EndProject
Global
	GlobalSection(SolutionConfigurationPlatforms) = preSolution
		Debug|Any CPU = Debug|Any CPU
		Release|Any CPU = Release|Any CPU
	EndGlobalSection
	GlobalSection(ProjectConfigurationPlatforms) = postSolution
		{FFC1233A-257D-4690-8FF2-57C6AA15243F}.Debug|Any CPU.ActiveCfg = Debug|Any CPU
		{FFC1233A-257D-4690-8FF2-57C6AA15243F}.Debug|Any CPU.Build.0 = Debug|Any CPU
		{FFC1233A-257D-4690-8FF2-57C6AA15243F}.Release|Any CPU.ActiveCfg = Release|Any CPU
		{FFC1233A-257D-4690-8FF2-57C6AA15243F}.Release|Any CPU.Build.0 = Release|Any CPU
	EndGlobalSection
	GlobalSection(SolutionProperties) = preSolution
		HideSolutionNode = FALSE
	EndGlobalSection
	GlobalSection(ExtensibilityGlobals) = postSolution
		SolutionGuid = {61BFF7FE-D520-4EEF-9EDF-EDD537F0AD26}
	EndGlobalSection
EndGlobal
